
Microsoft Visual Studio Solution File, Format Version 12.00
# Visual Studio Version 17
VisualStudioVersion = 17.7.34031.279
MinimumVisualStudioVersion = 10.0.40219.1
Project("{FAE04EC0-301F-11D3-BF4B-00C04F79EFBC}") = "Proyecto", "Proyecto\Proyecto.csproj", "{B47E1F9C-5FFC-433D-A835-13A03FD4D9EF}"
EndProject
Global
	GlobalSection(SolutionConfigurationPlatforms) = preSolution
		Debug|Any CPU = Debug|Any CPU
		Release|Any CPU = Release|Any CPU
	EndGlobalSection
	GlobalSection(ProjectConfigurationPlatforms) = postSolution
		{B47E1F9C-5FFC-433D-A835-13A03FD4D9EF}.Debug|Any CPU.ActiveCfg = Debug|Any CPU
		{B47E1F9C-5FFC-433D-A835-13A03FD4D9EF}.Debug|Any CPU.Build.0 = Debug|Any CPU
		{B47E1F9C-5FFC-433D-A835-13A03FD4D9EF}.Release|Any CPU.ActiveCfg = Release|Any CPU
		{B47E1F9C-5FFC-433D-A835-13A03FD4D9EF}.Release|Any CPU.Build.0 = Release|Any CPU
	EndGlobalSection
	GlobalSection(SolutionProperties) = preSolution
		HideSolutionNode = FALSE
	EndGlobalSection
	GlobalSection(ExtensibilityGlobals) = postSolution
		SolutionGuid = {C22B057D-B318-4CD3-8107-B7B5DC285379}
	EndGlobalSection
EndGlobal
